
Microsoft Visual Studio Solution File, Format Version 12.00
# Visual Studio Version 17
VisualStudioVersion = 17.9.34622.214
MinimumVisualStudioVersion = 10.0.40219.1
Project("{FAE04EC0-301F-11D3-BF4B-00C04F79EFBC}") = "P3RPC.Utils.CalendarFunctions.Reloaded", "P3RPC.Utils.CalendarFunctions.Reloaded\P3RPC.Utils.CalendarFunctions.Reloaded.csproj", "{581EF7AD-33B7-4241-8329-F54545C6195B}"
EndProject
Global
	GlobalSection(SolutionConfigurationPlatforms) = preSolution
		Debug|Any CPU = Debug|Any CPU
		Release|Any CPU = Release|Any CPU
	EndGlobalSection
	GlobalSection(ProjectConfigurationPlatforms) = postSolution
		{581EF7AD-33B7-4241-8329-F54545C6195B}.Debug|Any CPU.ActiveCfg = Debug|Any CPU
		{581EF7AD-33B7-4241-8329-F54545C6195B}.Debug|Any CPU.Build.0 = Debug|Any CPU
		{581EF7AD-33B7-4241-8329-F54545C6195B}.Release|Any CPU.ActiveCfg = Release|Any CPU
		{581EF7AD-33B7-4241-8329-F54545C6195B}.Release|Any CPU.Build.0 = Release|Any CPU
	EndGlobalSection
	GlobalSection(SolutionProperties) = preSolution
		HideSolutionNode = FALSE
	EndGlobalSection
	GlobalSection(ExtensibilityGlobals) = postSolution
		SolutionGuid = {1CDEC135-B140-4DF3-994A-47557BBB0797}
	EndGlobalSection
EndGlobal
