
Microsoft Visual Studio Solution File, Format Version 12.00
# Visual Studio Version 17
VisualStudioVersion = 17.9.34622.214
MinimumVisualStudioVersion = 10.0.40219.1
Project("{9A19103F-16F7-4668-BE54-9A1E7A4F7556}") = "P3RPC.Utils.CalendarFunctions.Reloaded", "P3RPC.Utils.CalendarFunctions.Reloaded\P3RPC.Utils.CalendarFunctions.Reloaded.csproj", "{581EF7AD-33B7-4241-8329-F54545C6195B}"
	ProjectSection(ProjectDependencies) = postProject
		{8EDA3AF8-267B-4F29-9482-088E7F5CAABF} = {8EDA3AF8-267B-4F29-9482-088E7F5CAABF}
	EndProjectSection
EndProject
Project("{2150E333-8FDC-42A3-9474-1A3956D46DE8}") = "Submodules", "Submodules", "{7176A9AE-EEB9-486E-AD3B-45402CE157F9}"
EndProject
Project("{2150E333-8FDC-42A3-9474-1A3956D46DE8}") = "Mod", "Mod", "{33FD876B-E47C-494E-A809-35A9CE082AE6}"
EndProject
Project("{2150E333-8FDC-42A3-9474-1A3956D46DE8}") = "API", "API", "{D736C212-FA58-4C93-AD6B-A0D93537AC79}"
EndProject
Project("{9A19103F-16F7-4668-BE54-9A1E7A4F7556}") = "P3RPC.Utils.CalendarFunctions.Interfaces", "P3RPC.Utils.CalendarFunctions.Interfaces\P3RPC.Utils.CalendarFunctions.Interfaces.csproj", "{7C573E00-FBC5-4906-B5ED-C2F3AEDC50C8}"
EndProject
Project("{2150E333-8FDC-42A3-9474-1A3956D46DE8}") = "References", "References", "{53309AAA-B512-4C83-84D0-517E11BDB41B}"
EndProject
Project("{2150E333-8FDC-42A3-9474-1A3956D46DE8}") = "Dependencies", "Dependencies", "{C2C456FF-7DAB-488F-874F-19B9FBABAC47}"
EndProject
Project("{9A19103F-16F7-4668-BE54-9A1E7A4F7556}") = "Project.Utils", "Submodules\Project.Utils\Project.Utils.csproj", "{6351060C-B44E-4CB8-990B-8F06084E3CB4}"
EndProject
Project("{9A19103F-16F7-4668-BE54-9A1E7A4F7556}") = "SharedScans.Interfaces", "Submodules\SharedScans\SharedScans.Interfaces\SharedScans.Interfaces.csproj", "{8EDA3AF8-267B-4F29-9482-088E7F5CAABF}"
EndProject
Project("{2150E333-8FDC-42A3-9474-1A3956D46DE8}") = "Mods", "Mods", "{0622596F-C30F-44B8-BAE8-6BFD2CF413A2}"
EndProject
Project("{2150E333-8FDC-42A3-9474-1A3956D46DE8}") = "APIs", "APIs", "{DDDDEB69-FD3C-4B2E-8A19-498C624DA7D8}"
EndProject
Project("{9A19103F-16F7-4668-BE54-9A1E7A4F7556}") = "SharedScans.Reloaded", "Submodules\SharedScans\SharedScans.Reloaded\SharedScans.Reloaded.csproj", "{70AF735A-D1B6-48B9-A9A2-8CF24D6B869B}"
EndProject
Project("{2150E333-8FDC-42A3-9474-1A3956D46DE8}") = "SharedScans", "SharedScans", "{8ECBCDD7-F5C3-483F-813D-1CC7175E482A}"
EndProject
Project("{2150E333-8FDC-42A3-9474-1A3956D46DE8}") = "Dependencies", "Dependencies", "{DF7099CF-A151-44A8-A38E-9AE05AC97BB0}"
EndProject
Project("{9A19103F-16F7-4668-BE54-9A1E7A4F7556}") = "Project.Utils", "Submodules\SharedScans\submodules\Project.Utils\Project.Utils.csproj", "{C070B985-4872-44E8-8949-068993206E4C}"
EndProject
Project("{2150E333-8FDC-42A3-9474-1A3956D46DE8}") = "p3rpc.nativetypes", "p3rpc.nativetypes", "{C40BE824-33D1-49CD-B65A-7CC01803F224}"
EndProject
Project("{2150E333-8FDC-42A3-9474-1A3956D46DE8}") = "Mod", "Mod", "{5ACF9F34-C4F9-4ED5-88D0-8CA1695195EC}"
EndProject
Project("{2150E333-8FDC-42A3-9474-1A3956D46DE8}") = "API", "API", "{6BD0E750-4E2A-4873-96B2-0CAB1290F264}"
EndProject
Project("{9A19103F-16F7-4668-BE54-9A1E7A4F7556}") = "p3rpc.nativetypes.Interfaces", "Submodules\p3rpc.nativetypes\p3rpc.nativetypes.Interfaces\p3rpc.nativetypes.Interfaces.csproj", "{EBF4AA13-0D6B-4235-8B65-9B5CB63E0A4F}"
EndProject
Project("{9A19103F-16F7-4668-BE54-9A1E7A4F7556}") = "p3rpc.nativetypes", "Submodules\p3rpc.nativetypes\p3rpc.nativetypes\p3rpc.nativetypes.csproj", "{354A9E89-94E6-4E85-B555-F715CB8C837F}"
EndProject
Project("{2150E333-8FDC-42A3-9474-1A3956D46DE8}") = "Dependencies", "Dependencies", "{D0494DF8-4C7E-48E1-A5AF-34D1ACD668C3}"
EndProject
Project("{9A19103F-16F7-4668-BE54-9A1E7A4F7556}") = "SharedScans.Interfaces", "Submodules\p3rpc.nativetypes\include\SharedScans\SharedScans.Interfaces\SharedScans.Interfaces.csproj", "{23EDDF26-1A5F-4E59-A6AD-C8FA59D85CA3}"
EndProject
Project("{9A19103F-16F7-4668-BE54-9A1E7A4F7556}") = "Unreal.ObjectsEmitter.Interfaces", "Submodules\Unreal.ObjectsEmitter\Unreal.ObjectsEmitter.Interfaces\Unreal.ObjectsEmitter.Interfaces.csproj", "{A51C46A0-DD50-470A-A259-D9509FD32511}"
EndProject
Project("{2150E333-8FDC-42A3-9474-1A3956D46DE8}") = "Attempt1", "Attempt1", "{3FD86ACA-0BF9-42F3-85E6-AA2EACCB3D29}"
EndProject
Global
	GlobalSection(SolutionConfigurationPlatforms) = preSolution
		Debug|Any CPU = Debug|Any CPU
		Release|Any CPU = Release|Any CPU
	EndGlobalSection
	GlobalSection(ProjectConfigurationPlatforms) = postSolution
		{581EF7AD-33B7-4241-8329-F54545C6195B}.Debug|Any CPU.ActiveCfg = Debug|Any CPU
		{581EF7AD-33B7-4241-8329-F54545C6195B}.Debug|Any CPU.Build.0 = Debug|Any CPU
		{581EF7AD-33B7-4241-8329-F54545C6195B}.Release|Any CPU.ActiveCfg = Release|Any CPU
		{581EF7AD-33B7-4241-8329-F54545C6195B}.Release|Any CPU.Build.0 = Release|Any CPU
		{7C573E00-FBC5-4906-B5ED-C2F3AEDC50C8}.Debug|Any CPU.ActiveCfg = Debug|Any CPU
		{7C573E00-FBC5-4906-B5ED-C2F3AEDC50C8}.Debug|Any CPU.Build.0 = Debug|Any CPU
		{7C573E00-FBC5-4906-B5ED-C2F3AEDC50C8}.Release|Any CPU.ActiveCfg = Release|Any CPU
		{7C573E00-FBC5-4906-B5ED-C2F3AEDC50C8}.Release|Any CPU.Build.0 = Release|Any CPU
		{6351060C-B44E-4CB8-990B-8F06084E3CB4}.Debug|Any CPU.ActiveCfg = Debug|Any CPU
		{6351060C-B44E-4CB8-990B-8F06084E3CB4}.Debug|Any CPU.Build.0 = Debug|Any CPU
		{6351060C-B44E-4CB8-990B-8F06084E3CB4}.Release|Any CPU.ActiveCfg = Release|Any CPU
		{6351060C-B44E-4CB8-990B-8F06084E3CB4}.Release|Any CPU.Build.0 = Release|Any CPU
		{8EDA3AF8-267B-4F29-9482-088E7F5CAABF}.Debug|Any CPU.ActiveCfg = Debug|Any CPU
		{8EDA3AF8-267B-4F29-9482-088E7F5CAABF}.Debug|Any CPU.Build.0 = Debug|Any CPU
		{8EDA3AF8-267B-4F29-9482-088E7F5CAABF}.Release|Any CPU.ActiveCfg = Release|Any CPU
		{8EDA3AF8-267B-4F29-9482-088E7F5CAABF}.Release|Any CPU.Build.0 = Release|Any CPU
		{70AF735A-D1B6-48B9-A9A2-8CF24D6B869B}.Debug|Any CPU.ActiveCfg = Debug|Any CPU
		{70AF735A-D1B6-48B9-A9A2-8CF24D6B869B}.Debug|Any CPU.Build.0 = Debug|Any CPU
		{70AF735A-D1B6-48B9-A9A2-8CF24D6B869B}.Release|Any CPU.ActiveCfg = Release|Any CPU
		{70AF735A-D1B6-48B9-A9A2-8CF24D6B869B}.Release|Any CPU.Build.0 = Release|Any CPU
		{C070B985-4872-44E8-8949-068993206E4C}.Debug|Any CPU.ActiveCfg = Debug|Any CPU
		{C070B985-4872-44E8-8949-068993206E4C}.Debug|Any CPU.Build.0 = Debug|Any CPU
		{C070B985-4872-44E8-8949-068993206E4C}.Release|Any CPU.ActiveCfg = Release|Any CPU
		{C070B985-4872-44E8-8949-068993206E4C}.Release|Any CPU.Build.0 = Release|Any CPU
		{EBF4AA13-0D6B-4235-8B65-9B5CB63E0A4F}.Debug|Any CPU.ActiveCfg = Debug|Any CPU
		{EBF4AA13-0D6B-4235-8B65-9B5CB63E0A4F}.Debug|Any CPU.Build.0 = Debug|Any CPU
		{EBF4AA13-0D6B-4235-8B65-9B5CB63E0A4F}.Release|Any CPU.ActiveCfg = Release|Any CPU
		{EBF4AA13-0D6B-4235-8B65-9B5CB63E0A4F}.Release|Any CPU.Build.0 = Release|Any CPU
		{354A9E89-94E6-4E85-B555-F715CB8C837F}.Debug|Any CPU.ActiveCfg = Debug|Any CPU
		{354A9E89-94E6-4E85-B555-F715CB8C837F}.Debug|Any CPU.Build.0 = Debug|Any CPU
		{354A9E89-94E6-4E85-B555-F715CB8C837F}.Release|Any CPU.ActiveCfg = Release|Any CPU
		{354A9E89-94E6-4E85-B555-F715CB8C837F}.Release|Any CPU.Build.0 = Release|Any CPU
		{23EDDF26-1A5F-4E59-A6AD-C8FA59D85CA3}.Debug|Any CPU.ActiveCfg = Debug|Any CPU
		{23EDDF26-1A5F-4E59-A6AD-C8FA59D85CA3}.Debug|Any CPU.Build.0 = Debug|Any CPU
		{23EDDF26-1A5F-4E59-A6AD-C8FA59D85CA3}.Release|Any CPU.ActiveCfg = Release|Any CPU
		{23EDDF26-1A5F-4E59-A6AD-C8FA59D85CA3}.Release|Any CPU.Build.0 = Release|Any CPU
		{A51C46A0-DD50-470A-A259-D9509FD32511}.Debug|Any CPU.ActiveCfg = Debug|Any CPU
		{A51C46A0-DD50-470A-A259-D9509FD32511}.Debug|Any CPU.Build.0 = Debug|Any CPU
		{A51C46A0-DD50-470A-A259-D9509FD32511}.Release|Any CPU.ActiveCfg = Release|Any CPU
		{A51C46A0-DD50-470A-A259-D9509FD32511}.Release|Any CPU.Build.0 = Release|Any CPU
	EndGlobalSection
	GlobalSection(SolutionProperties) = preSolution
		HideSolutionNode = FALSE
	EndGlobalSection
	GlobalSection(NestedProjects) = preSolution
		{581EF7AD-33B7-4241-8329-F54545C6195B} = {33FD876B-E47C-494E-A809-35A9CE082AE6}
		{33FD876B-E47C-494E-A809-35A9CE082AE6} = {3FD86ACA-0BF9-42F3-85E6-AA2EACCB3D29}
		{D736C212-FA58-4C93-AD6B-A0D93537AC79} = {3FD86ACA-0BF9-42F3-85E6-AA2EACCB3D29}
		{7C573E00-FBC5-4906-B5ED-C2F3AEDC50C8} = {D736C212-FA58-4C93-AD6B-A0D93537AC79}
		{53309AAA-B512-4C83-84D0-517E11BDB41B} = {7176A9AE-EEB9-486E-AD3B-45402CE157F9}
		{C2C456FF-7DAB-488F-874F-19B9FBABAC47} = {7176A9AE-EEB9-486E-AD3B-45402CE157F9}
		{6351060C-B44E-4CB8-990B-8F06084E3CB4} = {DDDDEB69-FD3C-4B2E-8A19-498C624DA7D8}
		{8EDA3AF8-267B-4F29-9482-088E7F5CAABF} = {DDDDEB69-FD3C-4B2E-8A19-498C624DA7D8}
		{0622596F-C30F-44B8-BAE8-6BFD2CF413A2} = {C2C456FF-7DAB-488F-874F-19B9FBABAC47}
		{DDDDEB69-FD3C-4B2E-8A19-498C624DA7D8} = {C2C456FF-7DAB-488F-874F-19B9FBABAC47}
		{70AF735A-D1B6-48B9-A9A2-8CF24D6B869B} = {8ECBCDD7-F5C3-483F-813D-1CC7175E482A}
		{8ECBCDD7-F5C3-483F-813D-1CC7175E482A} = {0622596F-C30F-44B8-BAE8-6BFD2CF413A2}
		{DF7099CF-A151-44A8-A38E-9AE05AC97BB0} = {8ECBCDD7-F5C3-483F-813D-1CC7175E482A}
		{C070B985-4872-44E8-8949-068993206E4C} = {DF7099CF-A151-44A8-A38E-9AE05AC97BB0}
		{C40BE824-33D1-49CD-B65A-7CC01803F224} = {53309AAA-B512-4C83-84D0-517E11BDB41B}
		{5ACF9F34-C4F9-4ED5-88D0-8CA1695195EC} = {C40BE824-33D1-49CD-B65A-7CC01803F224}
		{6BD0E750-4E2A-4873-96B2-0CAB1290F264} = {C40BE824-33D1-49CD-B65A-7CC01803F224}
		{EBF4AA13-0D6B-4235-8B65-9B5CB63E0A4F} = {6BD0E750-4E2A-4873-96B2-0CAB1290F264}
		{354A9E89-94E6-4E85-B555-F715CB8C837F} = {5ACF9F34-C4F9-4ED5-88D0-8CA1695195EC}
		{D0494DF8-4C7E-48E1-A5AF-34D1ACD668C3} = {5ACF9F34-C4F9-4ED5-88D0-8CA1695195EC}
		{23EDDF26-1A5F-4E59-A6AD-C8FA59D85CA3} = {D0494DF8-4C7E-48E1-A5AF-34D1ACD668C3}
		{A51C46A0-DD50-470A-A259-D9509FD32511} = {DDDDEB69-FD3C-4B2E-8A19-498C624DA7D8}
	EndGlobalSection
	GlobalSection(ExtensibilityGlobals) = postSolution
		SolutionGuid = {1CDEC135-B140-4DF3-994A-47557BBB0797}
	EndGlobalSection
EndGlobal
